Microsoft Visual Studio Solution File, Format Version 12.00
# Visual Studio Version 17
VisualStudioVersion = 17.13.35931.197
MinimumVisualStudioVersion = 10.0.40219.1
Project("{FAE04EC0-301F-11D3-BF4B-00C04F79EFBC}") = "AcronymFinder", "AcronymFinder\AcronymFinder.csproj", "{209A602D-01B9-4D37-9D97-269491F5740A}"
EndProject
Project("{FAE04EC0-301F-11D3-BF4B-00C04F79EFBC}") = "AcronymFinder.Test", "AcronymFinder.Test\AcronymFinder.Test.csproj", "{E755566C-A555-43BD-9690-C391972E8BC5}"
EndProject
Global
	GlobalSection(SolutionConfigurationPlatforms) = preSolution
		Debug|Any CPU = Debug|Any CPU
		Release|Any CPU = Release|Any CPU
	EndGlobalSection
	GlobalSection(ProjectConfigurationPlatforms) = postSolution
		{209A602D-01B9-4D37-9D97-269491F5740A}.Debug|Any CPU.ActiveCfg = Debug|Any CPU
		{209A602D-01B9-4D37-9D97-269491F5740A}.Debug|Any CPU.Build.0 = Debug|Any CPU
		{209A602D-01B9-4D37-9D97-269491F5740A}.Release|Any CPU.ActiveCfg = Release|Any CPU
		{209A602D-01B9-4D37-9D97-269491F5740A}.Release|Any CPU.Build.0 = Release|Any CPU
		{E755566C-A555-43BD-9690-C391972E8BC5}.Debug|Any CPU.ActiveCfg = Debug|Any CPU
		{E755566C-A555-43BD-9690-C391972E8BC5}.Debug|Any CPU.Build.0 = Debug|Any CPU
		{E755566C-A555-43BD-9690-C391972E8BC5}.Release|Any CPU.ActiveCfg = Release|Any CPU
		{E755566C-A555-43BD-9690-C391972E8BC5}.Release|Any CPU.Build.0 = Release|Any CPU
	EndGlobalSection
	GlobalSection(SolutionProperties) = preSolution
		HideSolutionNode = FALSE
	EndGlobalSection
	GlobalSection(ExtensibilityGlobals) = postSolution
		SolutionGuid = {D451025A-5966-411E-9FE7-E0438458A5E7}
	EndGlobalSection
EndGlobal
